
Microsoft Visual Studio Solution File, Format Version 12.00
# Visual Studio Version 16
VisualStudioVersion = 16.0.29025.244
MinimumVisualStudioVersion = 10.0.40219.1
Project("{FAE04EC0-301F-11D3-BF4B-00C04F79EFBC}") = "AudioSlicer", "AudioSlicer\AudioSlicer.csproj", "{659EE6C4-8B25-4B5A-BB72-F0D9889D3FEA}"
EndProject
Project("{FAE04EC0-301F-11D3-BF4B-00C04F79EFBC}") = "AudioSlicerLibrary", "AudioSlicerLibrary\AudioSlicerLibrary.csproj", "{8A6FCBD7-ABA1-44C8-ADAD-3CBB93F45D3D}"
EndProject
Project("{FAE04EC0-301F-11D3-BF4B-00C04F79EFBC}") = "AddToRegistry", "AddToRegistry\AddToRegistry.csproj", "{896D28DF-7245-4389-8FB0-D4571F24F325}"
EndProject
Global
	GlobalSection(SolutionConfigurationPlatforms) = preSolution
		Debug|Any CPU = Debug|Any CPU
		Release|Any CPU = Release|Any CPU
	EndGlobalSection
	GlobalSection(ProjectConfigurationPlatforms) = postSolution
		{659EE6C4-8B25-4B5A-BB72-F0D9889D3FEA}.Debug|Any CPU.ActiveCfg = Debug|Any CPU
		{659EE6C4-8B25-4B5A-BB72-F0D9889D3FEA}.Debug|Any CPU.Build.0 = Debug|Any CPU
		{659EE6C4-8B25-4B5A-BB72-F0D9889D3FEA}.Release|Any CPU.ActiveCfg = Release|Any CPU
		{659EE6C4-8B25-4B5A-BB72-F0D9889D3FEA}.Release|Any CPU.Build.0 = Release|Any CPU
		{8A6FCBD7-ABA1-44C8-ADAD-3CBB93F45D3D}.Debug|Any CPU.ActiveCfg = Debug|Any CPU
		{8A6FCBD7-ABA1-44C8-ADAD-3CBB93F45D3D}.Debug|Any CPU.Build.0 = Debug|Any CPU
		{8A6FCBD7-ABA1-44C8-ADAD-3CBB93F45D3D}.Release|Any CPU.ActiveCfg = Release|Any CPU
		{8A6FCBD7-ABA1-44C8-ADAD-3CBB93F45D3D}.Release|Any CPU.Build.0 = Release|Any CPU
		{896D28DF-7245-4389-8FB0-D4571F24F325}.Debug|Any CPU.ActiveCfg = Debug|Any CPU
		{896D28DF-7245-4389-8FB0-D4571F24F325}.Debug|Any CPU.Build.0 = Debug|Any CPU
		{896D28DF-7245-4389-8FB0-D4571F24F325}.Release|Any CPU.ActiveCfg = Release|Any CPU
		{896D28DF-7245-4389-8FB0-D4571F24F325}.Release|Any CPU.Build.0 = Release|Any CPU
	EndGlobalSection
	GlobalSection(SolutionProperties) = preSolution
		HideSolutionNode = FALSE
	EndGlobalSection
	GlobalSection(ExtensibilityGlobals) = postSolution
		SolutionGuid = {7787DAC3-89BE-4DC8-ABDF-109CC4FD3B80}
	EndGlobalSection
EndGlobal
